{
  "name": "ajs-node-use",
  "version": "1.0.0",
  "lockfileVersion": 3,
  "requires": true,
  "packages": {
    "": {
      "name": "ajs-node-use",
      "version": "1.0.0",
      "license": "ISC",
      "dependencies": {
        "@e1ectron1k/ajs": "^1.0.4"
      }
    },
    "node_modules/@e1ectron1k/ajs": {
      "version": "1.0.4",
      "resolved": "https://npm.pkg.github.com/download/@e1ectron1k/ajs/1.0.4/12affdb95b52381062e4b3de17ab02bdf93b0ba1",
      "integrity": "sha512-vnm8ZjVQ2F3p28wx04dZ8Ft01NC/xDnME2n8C5I0CEh4gsT26vbTgrnnXMTRgiW7z12XRqGE2OXoyDwn+Zdpsw==",
      "license": "ISC"
    }
  }
}
