{
  "name": "ajs-node-use",
  "version": "1.0.0",
  "lockfileVersion": 3,
  "requires": true,
  "packages": {
    "": {
      "name": "ajs-node-use",
      "version": "1.0.0",
      "license": "ISC",
      "dependencies": {
        "@e1ectron1k/ajs": "github:e1ectron1k/ajs",
        "@e1ectron1k/ajs-git": "github:e1ectron1k/ajs"
      }
    },
    "node_modules/@e1ectron1k/ajs": {
      "name": "@e1ectron1k/ajs-git",
      "version": "1.0.2",
      "resolved": "git+ssh://git@github.com/e1ectron1k/ajs.git#b38f1d7123a03c92704ffc6aea3b8a0ee663b0b7",
      "license": "ISC"
    },
    "node_modules/@e1ectron1k/ajs-git": {
      "version": "1.0.2",
      "resolved": "git+ssh://git@github.com/e1ectron1k/ajs.git#b38f1d7123a03c92704ffc6aea3b8a0ee663b0b7",
      "license": "ISC"
    }
  }
}
